Microsoft Visual Studio Solution File, Format Version 12.00
# Visual Studio Version 17
VisualStudioVersion = 17.5.2.0
MinimumVisualStudioVersion = 10.0.40219.1
Project("{FAE04EC0-301F-11D3-BF4B-00C04F79EFBC}") = "Keyvault-cert-issueance", "Keyvault-cert-issueance.csproj", "{6A61C45E-5EC2-99F4-F64D-D44E4DC9518A}"
EndProject
Global
	GlobalSection(SolutionConfigurationPlatforms) = preSolution
		Debug|Any CPU = Debug|Any CPU
		Release|Any CPU = Release|Any CPU
	EndGlobalSection
	GlobalSection(ProjectConfigurationPlatforms) = postSolution
		{6A61C45E-5EC2-99F4-F64D-D44E4DC9518A}.Debug|Any CPU.ActiveCfg = Debug|Any CPU
		{6A61C45E-5EC2-99F4-F64D-D44E4DC9518A}.Debug|Any CPU.Build.0 = Debug|Any CPU
		{6A61C45E-5EC2-99F4-F64D-D44E4DC9518A}.Release|Any CPU.ActiveCfg = Release|Any CPU
		{6A61C45E-5EC2-99F4-F64D-D44E4DC9518A}.Release|Any CPU.Build.0 = Release|Any CPU
	EndGlobalSection
	GlobalSection(SolutionProperties) = preSolution
		HideSolutionNode = FALSE
	EndGlobalSection
	GlobalSection(ExtensibilityGlobals) = postSolution
		SolutionGuid = {22337278-5069-4802-B976-EB840E4DDD62}
	EndGlobalSection
EndGlobal
